// !$*UTF8*$!
{
	archiveVersion = 1;
	classes = {
	};
	objectVersion = 50;
	objects = {

/* Begin PBXBuildFile section */
		055FDD6725F952E1003F312B /* AppDelegate.swift in Sources */ = {isa = PBXBuildFile; fileRef = 055FDD6625F952E1003F312B /* AppDelegate.swift */; };
		055FDD6925F952E1003F312B /* SceneDelegate.swift in Sources */ = {isa = PBXBuildFile; fileRef = 055FDD6825F952E1003F312B /* SceneDelegate.swift */; };
		055FDD6B25F952E1003F312B /* ViewController.swift in Sources */ = {isa = PBXBuildFile; fileRef = 055FDD6A25F952E1003F312B /* ViewController.swift */; };
		055FDD6E25F952E1003F312B /* Main.storyboard in Resources */ = {isa = PBXBuildFile; fileRef = 055FDD6C25F952E1003F312B /* Main.storyboard */; };
		055FDD7025F952E1003F312B /* Assets.xcassets in Resources */ = {isa = PBXBuildFile; fileRef = 055FDD6F25F952E1003F312B /* Assets.xcassets */; };
		055FDD7325F952E1003F312B /* LaunchScreen.storyboard in Resources */ = {isa = PBXBuildFile; fileRef = 055FDD7125F952E1003F312B /* LaunchScreen.storyboard */; };
		055FDD9125F95412003F312B /* BalloonView.swift in Sources */ = {isa = PBXBuildFile; fileRef = 055FDD9025F95412003F312B /* BalloonView.swift */; };
		055FDD9425F95768003F312B /* BalloonView.xib in Resources */ = {isa = PBXBuildFile; fileRef = 055FDD9325F95768003F312B /* BalloonView.xib */; };
		055FDD9925F958A5003F312B /* UIView+Extension.swift in Sources */ = {isa = PBXBuildFile; fileRef = 055FDD9825F958A5003F312B /* UIView+Extension.swift */; };
		055FDD9F25F97128003F312B /* BalloonSpot.swift in Sources */ = {isa = PBXBuildFile; fileRef = 055FDD9E25F97128003F312B /* BalloonSpot.swift */; };
/* End PBXBuildFile section */

/* Begin PBXFileReference section */
		055FDD6325F952E1003F312B /* CCHBDemo.app */ = {isa = PBXFileReference; explicitFileType = wrapper.application; includeInIndex = 0; path = CCHBDemo.app; sourceTree = BUILT_PRODUCTS_DIR; };
		055FDD6625F952E1003F312B /* AppDelegate.swift */ = {isa = PBXFileReference; lastKnownFileType = sourcecode.swift; path = AppDelegate.swift; sourceTree = "<group>"; };
		055FDD6825F952E1003F312B /* SceneDelegate.swift */ = {isa = PBXFileReference; lastKnownFileType = sourcecode.swift; path = SceneDelegate.swift; sourceTree = "<group>"; };
		055FDD6A25F952E1003F312B /* ViewController.swift */ = {isa = PBXFileReference; lastKnownFileType = sourcecode.swift; path = ViewController.swift; sourceTree = "<group>"; };
		055FDD6D25F952E1003F312B /* Base */ = {isa = PBXFileReference; lastKnownFileType = file.storyboard; name = Base; path = Base.lproj/Main.storyboard; sourceTree = "<group>"; };
		055FDD6F25F952E1003F312B /* Assets.xcassets */ = {isa = PBXFileReference; lastKnownFileType = folder.assetcatalog; path = Assets.xcassets; sourceTree = "<group>"; };
		055FDD7225F952E1003F312B /* Base */ = {isa = PBXFileReference; lastKnownFileType = file.storyboard; name = Base; path = Base.lproj/LaunchScreen.storyboard; sourceTree = "<group>"; };
		055FDD7425F952E1003F312B /* Info.plist */ = {isa = PBXFileReference; lastKnownFileType = text.plist.xml; path = Info.plist; sourceTree = "<group>"; };
		055FDD9025F95412003F312B /* BalloonView.swift */ = {isa = PBXFileReference; lastKnownFileType = sourcecode.swift; path = BalloonView.swift; sourceTree = "<group>"; };
		055FDD9325F95768003F312B /* BalloonView.xib */ = {isa = PBXFileReference; lastKnownFileType = file.xib; path = BalloonView.xib; sourceTree = "<group>"; };
		055FDD9825F958A5003F312B /* UIView+Extension.swift */ = {isa = PBXFileReference; lastKnownFileType = sourcecode.swift; path = "UIView+Extension.swift"; sourceTree = "<group>"; };
		055FDD9E25F97128003F312B /* BalloonSpot.swift */ = {isa = PBXFileReference; lastKnownFileType = sourcecode.swift; path = BalloonSpot.swift; sourceTree = "<group>"; };
/* End PBXFileReference section */

/* Begin PBXFrameworksBuildPhase section */
		055FDD6025F952E0003F312B /* Frameworks */ = {
			isa = PBXFrameworksBuildPhase;
			buildActionMask = 2147483647;
			files = (
			);
			runOnlyForDeploymentPostprocessing = 0;
		};
/* End PBXFrameworksBuildPhase section */

/* Begin PBXGroup section */
		055FDD5A25F952E0003F312B = {
			isa = PBXGroup;
			children = (
				055FDD6525F952E1003F312B /* CCHBDemo */,
				055FDD6425F952E1003F312B /* Products */,
			);
			sourceTree = "<group>";
		};
		055FDD6425F952E1003F312B /* Products */ = {
			isa = PBXGroup;
			children = (
				055FDD6325F952E1003F312B /* CCHBDemo.app */,
			);
			name = Products;
			sourceTree = "<group>";
		};
		055FDD6525F952E1003F312B /* CCHBDemo */ = {
			isa = PBXGroup;
			children = (
				055FDD9625F9589E003F312B /* Extra */,
				05EF8C0525F9AE7D0031B6F9 /* Balloon */,
				055FDD6A25F952E1003F312B /* ViewController.swift */,
				055FDD6C25F952E1003F312B /* Main.storyboard */,
				055FDD7425F952E1003F312B /* Info.plist */,
			);
			path = CCHBDemo;
			sourceTree = "<group>";
		};
		055FDD9625F9589E003F312B /* Extra */ = {
			isa = PBXGroup;
			children = (
				055FDD6625F952E1003F312B /* AppDelegate.swift */,
				055FDD6825F952E1003F312B /* SceneDelegate.swift */,
				055FDD6F25F952E1003F312B /* Assets.xcassets */,
				055FDD7125F952E1003F312B /* LaunchScreen.storyboard */,
				055FDD9825F958A5003F312B /* UIView+Extension.swift */,
			);
			path = Extra;
			sourceTree = "<group>";
		};
		05EF8C0525F9AE7D0031B6F9 /* Balloon */ = {
			isa = PBXGroup;
			children = (
				055FDD9E25F97128003F312B /* BalloonSpot.swift */,
				055FDD9025F95412003F312B /* BalloonView.swift */,
				055FDD9325F95768003F312B /* BalloonView.xib */,
			);
			path = Balloon;
			sourceTree = "<group>";
		};
/* End PBXGroup section */

/* Begin PBXNativeTarget section */
		055FDD6225F952E0003F312B /* CCHBDemo */ = {
			isa = PBXNativeTarget;
			buildConfigurationList = 055FDD7725F952E1003F312B /* Build configuration list for PBXNativeTarget "CCHBDemo" */;
			buildPhases = (
				055FDD5F25F952E0003F312B /* Sources */,
				055FDD6025F952E0003F312B /* Frameworks */,
				055FDD6125F952E0003F312B /* Resources */,
			);
			buildRules = (
			);
			dependencies = (
			);
			name = CCHBDemo;
			productName = CCHBDemo;
			productReference = 055FDD6325F952E1003F312B /* CCHBDemo.app */;
			productType = "com.apple.product-type.application";
		};
/* End PBXNativeTarget section */

/* Begin PBXProject section */
		055FDD5B25F952E0003F312B /* Project object */ = {
			isa = PBXProject;
			attributes = {
				LastSwiftUpdateCheck = 1240;
				LastUpgradeCheck = 1240;
				TargetAttributes = {
					055FDD6225F952E0003F312B = {
						CreatedOnToolsVersion = 12.4;
					};
				};
			};
			buildConfigurationList = 055FDD5E25F952E0003F312B /* Build configuration list for PBXProject "CCHBDemo" */;
			compatibilityVersion = "Xcode 9.3";
			developmentRegion = en;
			hasScannedForEncodings = 0;
			knownRegions = (
				en,
				Base,
			);
			mainGroup = 055FDD5A25F952E0003F312B;
			productRefGroup = 055FDD6425F952E1003F312B /* Products */;
			projectDirPath = "";
			projectRoot = "";
			targets = (
				055FDD6225F952E0003F312B /* CCHBDemo */,
			);
		};
/* End PBXProject section */

/* Begin PBXResourcesBuildPhase section */
		055FDD6125F952E0003F312B /* Resources */ = {
			isa = PBXResourcesBuildPhase;
			buildActionMask = 2147483647;
			files = (
				055FDD7325F952E1003F312B /* LaunchScreen.storyboard in Resources */,
				055FDD9425F95768003F312B /* BalloonView.xib in Resources */,
				055FDD7025F952E1003F312B /* Assets.xcassets in Resources */,
				055FDD6E25F952E1003F312B /* Main.storyboard in Resources */,
			);
			runOnlyForDeploymentPostprocessing = 0;
		};
/* End PBXResourcesBuildPhase section */

/* Begin PBXSourcesBuildPhase section */
		055FDD5F25F952E0003F312B /* Sources */ = {
			isa = PBXSourcesBuildPhase;
			buildActionMask = 2147483647;
			files = (
				055FDD9925F958A5003F312B /* UIView+Extension.swift in Sources */,
				055FDD6B25F952E1003F312B /* ViewController.swift in Sources */,
				055FDD9125F95412003F312B /* BalloonView.swift in Sources */,
				055FDD6725F952E1003F312B /* AppDelegate.swift in Sources */,
				055FDD6925F952E1003F312B /* SceneDelegate.swift in Sources */,
				055FDD9F25F97128003F312B /* BalloonSpot.swift in Sources */,
			);
			runOnlyForDeploymentPostprocessing = 0;
		};
/* End PBXSourcesBuildPhase section */

/* Begin PBXVariantGroup section */
		055FDD6C25F952E1003F312B /* Main.storyboard */ = {
			isa = PBXVariantGroup;
			children = (
				055FDD6D25F952E1003F312B /* Base */,
			);
			name = Main.storyboard;
			sourceTree = "<group>";
		};
		055FDD7125F952E1003F312B /* LaunchScreen.storyboard */ = {
			isa = PBXVariantGroup;
			children = (
				055FDD7225F952E1003F312B /* Base */,
			);
			name = LaunchScreen.storyboard;
			sourceTree = "<group>";
		};
/* End PBXVariantGroup section */

/* Begin XCBuildConfiguration section */
		055FDD7525F952E1003F312B /* Debug */ = {
			isa = XCBuildConfiguration;
			buildSettings = {
				ALWAYS_SEARCH_USER_PATHS = NO;
				CLANG_ANALYZER_NONNULL = YES;
				CLANG_ANALYZER_NUMBER_OBJECT_CONVERSION = YES_AGGRESSIVE;
				CLANG_CXX_LANGUAGE_STANDARD = "gnu++14";
				CLANG_CXX_LIBRARY = "libc++";
				CLANG_ENABLE_MODULES = YES;
				CLANG_ENABLE_OBJC_ARC = YES;
				CLANG_ENABLE_OBJC_WEAK = YES;
				CLANG_WARN_BLOCK_CAPTURE_AUTORELEASING = YES;
				CLANG_WARN_BOOL_CONVERSION = YES;
				CLANG_WARN_COMMA = YES;
				CLANG_WARN_CONSTANT_CONVERSION = YES;
				CLANG_WARN_DEPRECATED_OBJC_IMPLEMENTATIONS = YES;
				CLANG_WARN_DIRECT_OBJC_ISA_USAGE = YES_ERROR;
				CLANG_WARN_DOCUMENTATION_COMMENTS = YES;
				CLANG_WARN_EMPTY_BODY = YES;
				CLANG_WARN_ENUM_CONVERSION = YES;
				CLANG_WARN_INFINITE_RECURSION = YES;
				CLANG_WARN_INT_CONVERSION = YES;
				CLANG_WARN_NON_LITERAL_NULL_CONVERSION = YES;
				CLANG_WARN_OBJC_IMPLICIT_RETAIN_SELF = YES;
				CLANG_WARN_OBJC_LITERAL_CONVERSION = YES;
				CLANG_WARN_OBJC_ROOT_CLASS = YES_ERROR;
				CLANG_WARN_QUOTED_INCLUDE_IN_FRAMEWORK_HEADER = YES;
				CLANG_WARN_RANGE_LOOP_ANALYSIS = YES;
				CLANG_WARN_STRICT_PROTOTYPES = YES;
				CLANG_WARN_SUSPICIOUS_MOVE = YES;
				CLANG_WARN_UNGUARDED_AVAILABILITY = YES_AGGRESSIVE;
				CLANG_WARN_UNREACHABLE_CODE = YES;
				CLANG_WARN__DUPLICATE_METHOD_MATCH = YES;
				COPY_PHASE_STRIP = NO;
				DEBUG_INFORMATION_FORMAT = dwarf;
				ENABLE_STRICT_OBJC_MSGSEND = YES;
				ENABLE_TESTABILITY = YES;
				GCC_C_LANGUAGE_STANDARD = gnu11;
				GCC_DYNAMIC_NO_PIC = NO;
				GCC_NO_COMMON_BLOCKS = YES;
				GCC_OPTIMIZATION_LEVEL = 0;
				GCC_PREPROCESSOR_DEFINITIONS = (
					"DEBUG=1",
					"$(inherited)",
				);
				GCC_WARN_64_TO_32_BIT_CONVERSION = YES;
				GCC_WARN_ABOUT_RETURN_TYPE = YES_ERROR;
				GCC_WARN_UNDECLARED_SELECTOR = YES;
				GCC_WARN_UNINITIALIZED_AUTOS = YES_AGGRESSIVE;
				GCC_WARN_UNUSED_FUNCTION = YES;
				GCC_WARN_UNUSED_VARIABLE = YES;
				IPHONEOS_DEPLOYMENT_TARGET = 14.4;
				MTL_ENABLE_DEBUG_INFO = INCLUDE_SOURCE;
				MTL_FAST_MATH = YES;
				ONLY_ACTIVE_ARCH = YES;
				SDKROOT = iphoneos;
				SWIFT_ACTIVE_COMPILATION_CONDITIONS = DEBUG;
				SWIFT_OPTIMIZATION_LEVEL = "-Onone";
			};
			name = Debug;
		};
		055FDD7625F952E1003F312B /* Release */ = {
			isa = XCBuildConfiguration;
			buildSettings = {
				ALWAYS_SEARCH_USER_PATHS = NO;
				CLANG_ANALYZER_NONNULL = YES;
				CLANG_ANALYZER_NUMBER_OBJECT_CONVERSION = YES_AGGRESSIVE;
				CLANG_CXX_LANGUAGE_STANDARD = "gnu++14";
				CLANG_CXX_LIBRARY = "libc++";
				CLANG_ENABLE_MODULES = YES;
				CLANG_ENABLE_OBJC_ARC = YES;
				CLANG_ENABLE_OBJC_WEAK = YES;
				CLANG_WARN_BLOCK_CAPTURE_AUTORELEASING = YES;
				CLANG_WARN_BOOL_CONVERSION = YES;
				CLANG_WARN_COMMA = YES;
				CLANG_WARN_CONSTANT_CONVERSION = YES;
				CLANG_WARN_DEPRECATED_OBJC_IMPLEMENTATIONS = YES;
				CLANG_WARN_DIRECT_OBJC_ISA_USAGE = YES_ERROR;
				CLANG_WARN_DOCUMENTATION_COMMENTS = YES;
				CLANG_WARN_EMPTY_BODY = YES;
				CLANG_WARN_ENUM_CONVERSION = YES;
				CLANG_WARN_INFINITE_RECURSION = YES;
				CLANG_WARN_INT_CONVERSION = YES;
				CLANG_WARN_NON_LITERAL_NULL_CONVERSION = YES;
				CLANG_WARN_OBJC_IMPLICIT_RETAIN_SELF = YES;
				CLANG_WARN_OBJC_LITERAL_CONVERSION = YES;
				CLANG_WARN_OBJC_ROOT_CLASS = YES_ERROR;
				CLANG_WARN_QUOTED_INCLUDE_IN_FRAMEWORK_HEADER = YES;
				CLANG_WARN_RANGE_LOOP_ANALYSIS = YES;
				CLANG_WARN_STRICT_PROTOTYPES = YES;
				CLANG_WARN_SUSPICIOUS_MOVE = YES;
				CLANG_WARN_UNGUARDED_AVAILABILITY = YES_AGGRESSIVE;
				CLANG_WARN_UNREACHABLE_CODE = YES;
				CLANG_WARN__DUPLICATE_METHOD_MATCH = YES;
				COPY_PHASE_STRIP = NO;
				DEBUG_INFORMATION_FORMAT = "dwarf-with-dsym";
				ENABLE_NS_ASSERTIONS = NO;
				ENABLE_STRICT_OBJC_MSGSEND = YES;
				GCC_C_LANGUAGE_STANDARD = gnu11;
				GCC_NO_COMMON_BLOCKS = YES;
				GCC_WARN_64_TO_32_BIT_CONVERSION = YES;
				GCC_WARN_ABOUT_RETURN_TYPE = YES_ERROR;
				GCC_WARN_UNDECLARED_SELECTOR = YES;
				GCC_WARN_UNINITIALIZED_AUTOS = YES_AGGRESSIVE;
				GCC_WARN_UNUSED_FUNCTION = YES;
				GCC_WARN_UNUSED_VARIABLE = YES;
				IPHONEOS_DEPLOYMENT_TARGET = 14.4;
				MTL_ENABLE_DEBUG_INFO = NO;
				MTL_FAST_MATH = YES;
				SDKROOT = iphoneos;
				SWIFT_COMPILATION_MODE = wholemodule;
				SWIFT_OPTIMIZATION_LEVEL = "-O";
				VALIDATE_PRODUCT = YES;
			};
			name = Release;
		};
		055FDD7825F952E1003F312B /* Debug */ = {
			isa = XCBuildConfiguration;
			buildSettings = {
				ASSETCATALOG_COMPILER_APPICON_NAME = AppIcon;
				ASSETCATALOG_COMPILER_GLOBAL_ACCENT_COLOR_NAME = AccentColor;
				CODE_SIGN_STYLE = Automatic;
				DEVELOPMENT_TEAM = 376RJ846N8;
				INFOPLIST_FILE = CCHBDemo/Info.plist;
				LD_RUNPATH_SEARCH_PATHS = (
					"$(inherited)",
					"@executable_path/Frameworks",
				);
				PRODUCT_BUNDLE_IDENTIFIER = personal.CCHBDemo;
				PRODUCT_NAME = "$(TARGET_NAME)";
				SWIFT_VERSION = 5.0;
				TARGETED_DEVICE_FAMILY = "1,2";
			};
			name = Debug;
		};
		055FDD7925F952E1003F312B /* Release */ = {
			isa = XCBuildConfiguration;
			buildSettings = {
				ASSETCATALOG_COMPILER_APPICON_NAME = AppIcon;
				ASSETCATALOG_COMPILER_GLOBAL_ACCENT_COLOR_NAME = AccentColor;
				CODE_SIGN_STYLE = Automatic;
				DEVELOPMENT_TEAM = 376RJ846N8;
				INFOPLIST_FILE = CCHBDemo/Info.plist;
				LD_RUNPATH_SEARCH_PATHS = (
					"$(inherited)",
					"@executable_path/Frameworks",
				);
				PRODUCT_BUNDLE_IDENTIFIER = personal.CCHBDemo;
				PRODUCT_NAME = "$(TARGET_NAME)";
				SWIFT_VERSION = 5.0;
				TARGETED_DEVICE_FAMILY = "1,2";
			};
			name = Release;
		};
/* End XCBuildConfiguration section */

/* Begin XCConfigurationList section */
		055FDD5E25F952E0003F312B /* Build configuration list for PBXProject "CCHBDemo" */ = {
			isa = XCConfigurationList;
			buildConfigurations = (
				055FDD7525F952E1003F312B /* Debug */,
				055FDD7625F952E1003F312B /* Release */,
			);
			defaultConfigurationIsVisible = 0;
			defaultConfigurationName = Release;
		};
		055FDD7725F952E1003F312B /* Build configuration list for PBXNativeTarget "CCHBDemo" */ = {
			isa = XCConfigurationList;
			buildConfigurations = (
				055FDD7825F952E1003F312B /* Debug */,
				055FDD7925F952E1003F312B /* Release */,
			);
			defaultConfigurationIsVisible = 0;
			defaultConfigurationName = Release;
		};
/* End XCConfigurationList section */
	};
	rootObject = 055FDD5B25F952E0003F312B /* Project object */;
}
